// !$*UTF8*$!
{
	archiveVersion = 1;
	classes = {
	};
	objectVersion = 46;
	objects = {

/* Begin PBXBuildFile section */
		7C152E3E1DC809A1004EDA32 /* Extensions.swift in Sources */ = {isa = PBXBuildFile; fileRef = 7C152E3D1DC809A1004EDA32 /* Extensions.swift */; };
		7C9FDE0D1DC7AE6C00ED120E /* AppDelegate.swift in Sources */ = {isa = PBXBuildFile; fileRef = 7C9FDE0C1DC7AE6C00ED120E /* AppDelegate.swift */; };
		7C9FDE0F1DC7AE6C00ED120E /* ViewController.swift in Sources */ = {isa = PBXBuildFile; fileRef = 7C9FDE0E1DC7AE6C00ED120E /* ViewController.swift */; };
		7C9FDE121DC7AE6C00ED120E /* Main.storyboard in Resources */ = {isa = PBXBuildFile; fileRef = 7C9FDE101DC7AE6C00ED120E /* Main.storyboard */; };
		7C9FDE141DC7AE6C00ED120E /* Assets.xcassets in Resources */ = {isa = PBXBuildFile; fileRef = 7C9FDE131DC7AE6C00ED120E /* Assets.xcassets */; };
		7C9FDE171DC7AE6C00ED120E /* LaunchScreen.storyboard in Resources */ = {isa = PBXBuildFile; fileRef = 7C9FDE151DC7AE6C00ED120E /* LaunchScreen.storyboard */; };
		7C9FDE1F1DC7C22E00ED120E /* GitHubService.swift in Sources */ = {isa = PBXBuildFile; fileRef = 7C9FDE1E1DC7C22E00ED120E /* GitHubService.swift */; };
		7C9FDE221DC7C45600ED120E /* CredentialsGitHub.swift in Sources */ = {isa = PBXBuildFile; fileRef = 7C9FDE211DC7C45600ED120E /* CredentialsGitHub.swift */; };
/* End PBXBuildFile section */

/* Begin PBXFileReference section */
		7C152E3D1DC809A1004EDA32 /* Extensions.swift */ = {isa = PBXFileReference; fileEncoding = 4; lastKnownFileType = sourcecode.swift; path = Extensions.swift; sourceTree = "<group>"; };
		7C9FDE091DC7AE6C00ED120E /* GoGoGitHub.app */ = {isa = PBXFileReference; explicitFileType = wrapper.application; includeInIndex = 0; path = GoGoGitHub.app; sourceTree = BUILT_PRODUCTS_DIR; };
		7C9FDE0C1DC7AE6C00ED120E /* AppDelegate.swift */ = {isa = PBXFileReference; lastKnownFileType = sourcecode.swift; path = AppDelegate.swift; sourceTree = "<group>"; };
		7C9FDE0E1DC7AE6C00ED120E /* ViewController.swift */ = {isa = PBXFileReference; lastKnownFileType = sourcecode.swift; path = ViewController.swift; sourceTree = "<group>"; };
		7C9FDE111DC7AE6C00ED120E /* Base */ = {isa = PBXFileReference; lastKnownFileType = file.storyboard; name = Base; path = Base.lproj/Main.storyboard; sourceTree = "<group>"; };
		7C9FDE131DC7AE6C00ED120E /* Assets.xcassets */ = {isa = PBXFileReference; lastKnownFileType = folder.assetcatalog; path = Assets.xcassets; sourceTree = "<group>"; };
		7C9FDE161DC7AE6C00ED120E /* Base */ = {isa = PBXFileReference; lastKnownFileType = file.storyboard; name = Base; path = Base.lproj/LaunchScreen.storyboard; sourceTree = "<group>"; };
		7C9FDE181DC7AE6C00ED120E /* Info.plist */ = {isa = PBXFileReference; lastKnownFileType = text.plist.xml; path = Info.plist; sourceTree = "<group>"; };
		7C9FDE1E1DC7C22E00ED120E /* GitHubService.swift */ = {isa = PBXFileReference; fileEncoding = 4; lastKnownFileType = sourcecode.swift; path = GitHubService.swift; sourceTree = "<group>"; };
		7C9FDE211DC7C45600ED120E /* CredentialsGitHub.swift */ = {isa = PBXFileReference; fileEncoding = 4; lastKnownFileType = sourcecode.swift; path = CredentialsGitHub.swift; sourceTree = "<group>"; };
/* End PBXFileReference section */

/* Begin PBXFrameworksBuildPhase section */
		7C9FDE061DC7AE6C00ED120E /* Frameworks */ = {
			isa = PBXFrameworksBuildPhase;
			buildActionMask = 2147483647;
			files = (
			);
			runOnlyForDeploymentPostprocessing = 0;
		};
/* End PBXFrameworksBuildPhase section */

/* Begin PBXGroup section */
		7C9FDE001DC7AE6B00ED120E = {
			isa = PBXGroup;
			children = (
				7C9FDE0B1DC7AE6C00ED120E /* GoGoGitHub */,
				7C9FDE0A1DC7AE6C00ED120E /* Products */,
			);
			sourceTree = "<group>";
		};
		7C9FDE0A1DC7AE6C00ED120E /* Products */ = {
			isa = PBXGroup;
			children = (
				7C9FDE091DC7AE6C00ED120E /* GoGoGitHub.app */,
			);
			name = Products;
			sourceTree = "<group>";
		};
		7C9FDE0B1DC7AE6C00ED120E /* GoGoGitHub */ = {
			isa = PBXGroup;
			children = (
				7C9FDE231DC7C7DE00ED120E /* Controlla */,
				7C9FDE201DC7C23E00ED120E /* Model */,
				7C9FDE251DC7C7FC00ED120E /* Utilities */,
				7C9FDE241DC7C7ED00ED120E /* View */,
			);
			path = GoGoGitHub;
			sourceTree = "<group>";
		};
		7C9FDE201DC7C23E00ED120E /* Model */ = {
			isa = PBXGroup;
			children = (
				7C152E3D1DC809A1004EDA32 /* Extensions.swift */,
				7C9FDE211DC7C45600ED120E /* CredentialsGitHub.swift */,
				7C9FDE1E1DC7C22E00ED120E /* GitHubService.swift */,
			);
			name = Model;
			sourceTree = "<group>";
		};
		7C9FDE231DC7C7DE00ED120E /* Controlla */ = {
			isa = PBXGroup;
			children = (
				7C9FDE0E1DC7AE6C00ED120E /* ViewController.swift */,
			);
			name = Controlla;
			sourceTree = "<group>";
		};
		7C9FDE241DC7C7ED00ED120E /* View */ = {
			isa = PBXGroup;
			children = (
				7C9FDE151DC7AE6C00ED120E /* LaunchScreen.storyboard */,
				7C9FDE101DC7AE6C00ED120E /* Main.storyboard */,
			);
			name = View;
			sourceTree = "<group>";
		};
		7C9FDE251DC7C7FC00ED120E /* Utilities */ = {
			isa = PBXGroup;
			children = (
				7C9FDE0C1DC7AE6C00ED120E /* AppDelegate.swift */,
				7C9FDE131DC7AE6C00ED120E /* Assets.xcassets */,
				7C9FDE181DC7AE6C00ED120E /* Info.plist */,
			);
			name = Utilities;
			sourceTree = "<group>";
		};
/* End PBXGroup section */

/* Begin PBXNativeTarget section */
		7C9FDE081DC7AE6C00ED120E /* GoGoGitHub */ = {
			isa = PBXNativeTarget;
			buildConfigurationList = 7C9FDE1B1DC7AE6C00ED120E /* Build configuration list for PBXNativeTarget "GoGoGitHub" */;
			buildPhases = (
				7C9FDE051DC7AE6C00ED120E /* Sources */,
				7C9FDE061DC7AE6C00ED120E /* Frameworks */,
				7C9FDE071DC7AE6C00ED120E /* Resources */,
			);
			buildRules = (
			);
			dependencies = (
			);
			name = GoGoGitHub;
			productName = GoGoGitHub;
			productReference = 7C9FDE091DC7AE6C00ED120E /* GoGoGitHub.app */;
			productType = "com.apple.product-type.application";
		};
/* End PBXNativeTarget section */

/* Begin PBXProject section */
		7C9FDE011DC7AE6B00ED120E /* Project object */ = {
			isa = PBXProject;
			attributes = {
				LastSwiftUpdateCheck = 0810;
				LastUpgradeCheck = 0810;
				ORGANIZATIONNAME = "Jacob Dobson";
				TargetAttributes = {
					7C9FDE081DC7AE6C00ED120E = {
						CreatedOnToolsVersion = 8.1;
						DevelopmentTeam = HYPCVH7NE6;
						ProvisioningStyle = Automatic;
					};
				};
			};
			buildConfigurationList = 7C9FDE041DC7AE6B00ED120E /* Build configuration list for PBXProject "GoGoGitHub" */;
			compatibilityVersion = "Xcode 3.2";
			developmentRegion = English;
			hasScannedForEncodings = 0;
			knownRegions = (
				en,
				Base,
			);
			mainGroup = 7C9FDE001DC7AE6B00ED120E;
			productRefGroup = 7C9FDE0A1DC7AE6C00ED120E /* Products */;
			projectDirPath = "";
			projectRoot = "";
			targets = (
				7C9FDE081DC7AE6C00ED120E /* GoGoGitHub */,
			);
		};
/* End PBXProject section */

/* Begin PBXResourcesBuildPhase section */
		7C9FDE071DC7AE6C00ED120E /* Resources */ = {
			isa = PBXResourcesBuildPhase;
			buildActionMask = 2147483647;
			files = (
				7C9FDE171DC7AE6C00ED120E /* LaunchScreen.storyboard in Resources */,
				7C9FDE141DC7AE6C00ED120E /* Assets.xcassets in Resources */,
				7C9FDE121DC7AE6C00ED120E /* Main.storyboard in Resources */,
			);
			runOnlyForDeploymentPostprocessing = 0;
		};
/* End PBXResourcesBuildPhase section */

/* Begin PBXSourcesBuildPhase section */
		7C9FDE051DC7AE6C00ED120E /* Sources */ = {
			isa = PBXSourcesBuildPhase;
			buildActionMask = 2147483647;
			files = (
				7C152E3E1DC809A1004EDA32 /* Extensions.swift in Sources */,
				7C9FDE0F1DC7AE6C00ED120E /* ViewController.swift in Sources */,
				7C9FDE1F1DC7C22E00ED120E /* GitHubService.swift in Sources */,
				7C9FDE0D1DC7AE6C00ED120E /* AppDelegate.swift in Sources */,
				7C9FDE221DC7C45600ED120E /* CredentialsGitHub.swift in Sources */,
			);
			runOnlyForDeploymentPostprocessing = 0;
		};
/* End PBXSourcesBuildPhase section */

/* Begin PBXVariantGroup section */
		7C9FDE101DC7AE6C00ED120E /* Main.storyboard */ = {
			isa = PBXVariantGroup;
			children = (
				7C9FDE111DC7AE6C00ED120E /* Base */,
			);
			name = Main.storyboard;
			sourceTree = "<group>";
		};
		7C9FDE151DC7AE6C00ED120E /* LaunchScreen.storyboard */ = {
			isa = PBXVariantGroup;
			children = (
				7C9FDE161DC7AE6C00ED120E /* Base */,
			);
			name = LaunchScreen.storyboard;
			sourceTree = "<group>";
		};
/* End PBXVariantGroup section */

/* Begin XCBuildConfiguration section */
		7C9FDE191DC7AE6C00ED120E /* Debug */ = {
			isa = XCBuildConfiguration;
			buildSettings = {
				ALWAYS_SEARCH_USER_PATHS = NO;
				CLANG_ANALYZER_NONNULL = YES;
				CLANG_CXX_LANGUAGE_STANDARD = "gnu++0x";
				CLANG_CXX_LIBRARY = "libc++";
				CLANG_ENABLE_MODULES = YES;
				CLANG_ENABLE_OBJC_ARC = YES;
				CLANG_WARN_BOOL_CONVERSION = YES;
				CLANG_WARN_CONSTANT_CONVERSION = YES;
				CLANG_WARN_DIRECT_OBJC_ISA_USAGE = YES_ERROR;
				CLANG_WARN_DOCUMENTATION_COMMENTS = YES;
				CLANG_WARN_EMPTY_BODY = YES;
				CLANG_WARN_ENUM_CONVERSION = YES;
				CLANG_WARN_INFINITE_RECURSION = YES;
				CLANG_WARN_INT_CONVERSION = YES;
				CLANG_WARN_OBJC_ROOT_CLASS = YES_ERROR;
				CLANG_WARN_SUSPICIOUS_MOVES = YES;
				CLANG_WARN_UNREACHABLE_CODE = YES;
				CLANG_WARN__DUPLICATE_METHOD_MATCH = YES;
				"CODE_SIGN_IDENTITY[sdk=iphoneos*]" = "iPhone Developer";
				COPY_PHASE_STRIP = NO;
				DEBUG_INFORMATION_FORMAT = dwarf;
				ENABLE_STRICT_OBJC_MSGSEND = YES;
				ENABLE_TESTABILITY = YES;
				GCC_C_LANGUAGE_STANDARD = gnu99;
				GCC_DYNAMIC_NO_PIC = NO;
				GCC_NO_COMMON_BLOCKS = YES;
				GCC_OPTIMIZATION_LEVEL = 0;
				GCC_PREPROCESSOR_DEFINITIONS = (
					"DEBUG=1",
					"$(inherited)",
				);
				GCC_WARN_64_TO_32_BIT_CONVERSION = YES;
				GCC_WARN_ABOUT_RETURN_TYPE = YES_ERROR;
				GCC_WARN_UNDECLARED_SELECTOR = YES;
				GCC_WARN_UNINITIALIZED_AUTOS = YES_AGGRESSIVE;
				GCC_WARN_UNUSED_FUNCTION = YES;
				GCC_WARN_UNUSED_VARIABLE = YES;
				IPHONEOS_DEPLOYMENT_TARGET = 10.1;
				MTL_ENABLE_DEBUG_INFO = YES;
				ONLY_ACTIVE_ARCH = YES;
				SDKROOT = iphoneos;
				SWIFT_ACTIVE_COMPILATION_CONDITIONS = DEBUG;
				SWIFT_OPTIMIZATION_LEVEL = "-Onone";
				TARGETED_DEVICE_FAMILY = "1,2";
			};
			name = Debug;
		};
		7C9FDE1A1DC7AE6C00ED120E /* Release */ = {
			isa = XCBuildConfiguration;
			buildSettings = {
				ALWAYS_SEARCH_USER_PATHS = NO;
				CLANG_ANALYZER_NONNULL = YES;
				CLANG_CXX_LANGUAGE_STANDARD = "gnu++0x";
				CLANG_CXX_LIBRARY = "libc++";
				CLANG_ENABLE_MODULES = YES;
				CLANG_ENABLE_OBJC_ARC = YES;
				CLANG_WARN_BOOL_CONVERSION = YES;
				CLANG_WARN_CONSTANT_CONVERSION = YES;
				CLANG_WARN_DIRECT_OBJC_ISA_USAGE = YES_ERROR;
				CLANG_WARN_DOCUMENTATION_COMMENTS = YES;
				CLANG_WARN_EMPTY_BODY = YES;
				CLANG_WARN_ENUM_CONVERSION = YES;
				CLANG_WARN_INFINITE_RECURSION = YES;
				CLANG_WARN_INT_CONVERSION = YES;
				CLANG_WARN_OBJC_ROOT_CLASS = YES_ERROR;
				CLANG_WARN_SUSPICIOUS_MOVES = YES;
				CLANG_WARN_UNREACHABLE_CODE = YES;
				CLANG_WARN__DUPLICATE_METHOD_MATCH = YES;
				"CODE_SIGN_IDENTITY[sdk=iphoneos*]" = "iPhone Developer";
				COPY_PHASE_STRIP = NO;
				DEBUG_INFORMATION_FORMAT = "dwarf-with-dsym";
				ENABLE_NS_ASSERTIONS = NO;
				ENABLE_STRICT_OBJC_MSGSEND = YES;
				GCC_C_LANGUAGE_STANDARD = gnu99;
				GCC_NO_COMMON_BLOCKS = YES;
				GCC_WARN_64_TO_32_BIT_CONVERSION = YES;
				GCC_WARN_ABOUT_RETURN_TYPE = YES_ERROR;
				GCC_WARN_UNDECLARED_SELECTOR = YES;
				GCC_WARN_UNINITIALIZED_AUTOS = YES_AGGRESSIVE;
				GCC_WARN_UNUSED_FUNCTION = YES;
				GCC_WARN_UNUSED_VARIABLE = YES;
				IPHONEOS_DEPLOYMENT_TARGET = 10.1;
				MTL_ENABLE_DEBUG_INFO = NO;
				SDKROOT = iphoneos;
				SWIFT_OPTIMIZATION_LEVEL = "-Owholemodule";
				TARGETED_DEVICE_FAMILY = "1,2";
				VALIDATE_PRODUCT = YES;
			};
			name = Release;
		};
		7C9FDE1C1DC7AE6C00ED120E /* Debug */ = {
			isa = XCBuildConfiguration;
			buildSettings = {
				ASSETCATALOG_COMPILER_APPICON_NAME = AppIcon;
				DEVELOPMENT_TEAM = HYPCVH7NE6;
				INFOPLIST_FILE = GoGoGitHub/Info.plist;
				LD_RUNPATH_SEARCH_PATHS = "$(inherited) @executable_path/Frameworks";
				PRODUCT_BUNDLE_IDENTIFIER = com.JacobDobson.GoGoGitHub;
				PRODUCT_NAME = "$(TARGET_NAME)";
				SWIFT_VERSION = 3.0;
			};
			name = Debug;
		};
		7C9FDE1D1DC7AE6C00ED120E /* Release */ = {
			isa = XCBuildConfiguration;
			buildSettings = {
				ASSETCATALOG_COMPILER_APPICON_NAME = AppIcon;
				DEVELOPMENT_TEAM = HYPCVH7NE6;
				INFOPLIST_FILE = GoGoGitHub/Info.plist;
				LD_RUNPATH_SEARCH_PATHS = "$(inherited) @executable_path/Frameworks";
				PRODUCT_BUNDLE_IDENTIFIER = com.JacobDobson.GoGoGitHub;
				PRODUCT_NAME = "$(TARGET_NAME)";
				SWIFT_VERSION = 3.0;
			};
			name = Release;
		};
/* End XCBuildConfiguration section */

/* Begin XCConfigurationList section */
		7C9FDE041DC7AE6B00ED120E /* Build configuration list for PBXProject "GoGoGitHub" */ = {
			isa = XCConfigurationList;
			buildConfigurations = (
				7C9FDE191DC7AE6C00ED120E /* Debug */,
				7C9FDE1A1DC7AE6C00ED120E /* Release */,
			);
			defaultConfigurationIsVisible = 0;
			defaultConfigurationName = Release;
		};
		7C9FDE1B1DC7AE6C00ED120E /* Build configuration list for PBXNativeTarget "GoGoGitHub" */ = {
			isa = XCConfigurationList;
			buildConfigurations = (
				7C9FDE1C1DC7AE6C00ED120E /* Debug */,
				7C9FDE1D1DC7AE6C00ED120E /* Release */,
			);
			defaultConfigurationIsVisible = 0;
			defaultConfigurationName = Release;
		};
/* End XCConfigurationList section */
	};
	rootObject = 7C9FDE011DC7AE6B00ED120E /* Project object */;
}
